{
  "name": "awesome-project",
  "version": "1.0.0",
  "lockfileVersion": 1,
  "requires": true,
  "dependencies": {
    "cows": {
      "version": "git+https://github.com/sindresorhus/cows.git#545041e36f7aba706d7e03b6edb92d03f5970f2d",
      "from": "git+https://github.com/sindresorhus/cows.git"
    },
    "example-package": {
      "version": "file:packages/example-package",
      "requires": {
        "cows": "git+https://github.com/sindresorhus/cows.git"
      }
    }
  }
}
